
Microsoft Visual Studio Solution File, Format Version 12.00
# Visual Studio Version 17
VisualStudioVersion = 17.6.33829.357
MinimumVisualStudioVersion = 10.0.40219.1
Project("{FAE04EC0-301F-11D3-BF4B-00C04F79EFBC}") = "A_Notepad", "A_Notepad\A_Notepad.csproj", "{913F1296-4182-4A24-91C9-B6F14CE61AE5}"
EndProject
Global
	GlobalSection(SolutionConfigurationPlatforms) = preSolution
		Debug|Any CPU = Debug|Any CPU
		Release|Any CPU = Release|Any CPU
	EndGlobalSection
	GlobalSection(ProjectConfigurationPlatforms) = postSolution
		{913F1296-4182-4A24-91C9-B6F14CE61AE5}.Debug|Any CPU.ActiveCfg = Debug|Any CPU
		{913F1296-4182-4A24-91C9-B6F14CE61AE5}.Debug|Any CPU.Build.0 = Debug|Any CPU
		{913F1296-4182-4A24-91C9-B6F14CE61AE5}.Release|Any CPU.ActiveCfg = Release|Any CPU
		{913F1296-4182-4A24-91C9-B6F14CE61AE5}.Release|Any CPU.Build.0 = Release|Any CPU
	EndGlobalSection
	GlobalSection(SolutionProperties) = preSolution
		HideSolutionNode = FALSE
	EndGlobalSection
	GlobalSection(ExtensibilityGlobals) = postSolution
		SolutionGuid = {0F428315-B8A8-4A69-8B37-F1F01F4D3FA5}
	EndGlobalSection
EndGlobal
