
Microsoft Visual Studio Solution File, Format Version 12.00
# Visual Studio Version 16
VisualStudioVersion = 16.0.33529.622
MinimumVisualStudioVersion = 10.0.40219.1
Project("{FAE04EC0-301F-11D3-BF4B-00C04F79EFBC}") = "FormView", "FormView\FormView.csproj", "{9F8872BC-1F87-4E59-8575-230012377317}"
EndProject
Global
	GlobalSection(SolutionConfigurationPlatforms) = preSolution
		Debug|Any CPU = Debug|Any CPU
		Release|Any CPU = Release|Any CPU
	EndGlobalSection
	GlobalSection(ProjectConfigurationPlatforms) = postSolution
		{9F8872BC-1F87-4E59-8575-230012377317}.Debug|Any CPU.ActiveCfg = Debug|Any CPU
		{9F8872BC-1F87-4E59-8575-230012377317}.Debug|Any CPU.Build.0 = Debug|Any CPU
		{9F8872BC-1F87-4E59-8575-230012377317}.Release|Any CPU.ActiveCfg = Release|Any CPU
		{9F8872BC-1F87-4E59-8575-230012377317}.Release|Any CPU.Build.0 = Release|Any CPU
	EndGlobalSection
	GlobalSection(SolutionProperties) = preSolution
		HideSolutionNode = FALSE
	EndGlobalSection
	GlobalSection(ExtensibilityGlobals) = postSolution
		SolutionGuid = {7920377E-8BB1-4058-9E23-8BB537DAAAE7}
	EndGlobalSection
EndGlobal
