
Microsoft Visual Studio Solution File, Format Version 12.00
# Visual Studio Version 17
VisualStudioVersion = 17.6.33829.357
MinimumVisualStudioVersion = 10.0.40219.1
Project("{FAE04EC0-301F-11D3-BF4B-00C04F79EFBC}") = "FileCM", "FileCM\FileCM.csproj", "{ECA03A17-DA62-4DC4-8B5C-9DF7DEA22F18}"
EndProject
Global
	GlobalSection(SolutionConfigurationPlatforms) = preSolution
		Debug|Any CPU = Debug|Any CPU
		Release|Any CPU = Release|Any CPU
	EndGlobalSection
	GlobalSection(ProjectConfigurationPlatforms) = postSolution
		{ECA03A17-DA62-4DC4-8B5C-9DF7DEA22F18}.Debug|Any CPU.ActiveCfg = Debug|Any CPU
		{ECA03A17-DA62-4DC4-8B5C-9DF7DEA22F18}.Debug|Any CPU.Build.0 = Debug|Any CPU
		{ECA03A17-DA62-4DC4-8B5C-9DF7DEA22F18}.Release|Any CPU.ActiveCfg = Release|Any CPU
		{ECA03A17-DA62-4DC4-8B5C-9DF7DEA22F18}.Release|Any CPU.Build.0 = Release|Any CPU
	EndGlobalSection
	GlobalSection(SolutionProperties) = preSolution
		HideSolutionNode = FALSE
	EndGlobalSection
	GlobalSection(ExtensibilityGlobals) = postSolution
		SolutionGuid = {383E521E-327F-4E83-8E8C-F9C837BF68C0}
	EndGlobalSection
EndGlobal
